// !$*UTF8*$!
{
	archiveVersion = 1;
	classes = {
	};
	objectVersion = 48;
	objects = {

/* Begin PBXBuildFile section */
		C729567120C054A200C8A67A /* AppDelegate.swift in Sources */ = {isa = PBXBuildFile; fileRef = C729567020C054A200C8A67A /* AppDelegate.swift */; };
		C729567320C054A200C8A67A /* MainVC.swift in Sources */ = {isa = PBXBuildFile; fileRef = C729567220C054A200C8A67A /* MainVC.swift */; };
		C729567620C054A200C8A67A /* Main.storyboard in Resources */ = {isa = PBXBuildFile; fileRef = C729567420C054A200C8A67A /* Main.storyboard */; };
		C729567820C054A200C8A67A /* Assets.xcassets in Resources */ = {isa = PBXBuildFile; fileRef = C729567720C054A200C8A67A /* Assets.xcassets */; };
		C729567B20C054A200C8A67A /* LaunchScreen.storyboard in Resources */ = {isa = PBXBuildFile; fileRef = C729567920C054A200C8A67A /* LaunchScreen.storyboard */; };
		C729568520C0856F00C8A67A /* CurrencyTextField.swift in Sources */ = {isa = PBXBuildFile; fileRef = C729568420C0856F00C8A67A /* CurrencyTextField.swift */; };
		C729568D20C0EE0800C8A67A /* Window_ShopperTests.swift in Sources */ = {isa = PBXBuildFile; fileRef = C729568C20C0EE0800C8A67A /* Window_ShopperTests.swift */; };
		C729569620C0EE2D00C8A67A /* Wage.swift in Sources */ = {isa = PBXBuildFile; fileRef = C729569520C0EE2D00C8A67A /* Wage.swift */; };
		C729569720C0EF6D00C8A67A /* Wage.swift in Sources */ = {isa = PBXBuildFile; fileRef = C729569520C0EE2D00C8A67A /* Wage.swift */; };
/* End PBXBuildFile section */

/* Begin PBXContainerItemProxy section */
		C729568F20C0EE0800C8A67A /* PBXContainerItemProxy */ = {
			isa = PBXContainerItemProxy;
			containerPortal = C729566520C054A200C8A67A /* Project object */;
			proxyType = 1;
			remoteGlobalIDString = C729566C20C054A200C8A67A;
			remoteInfo = "Window Shopper";
		};
/* End PBXContainerItemProxy section */

/* Begin PBXFileReference section */
		C729566D20C054A200C8A67A /* Window Shopper.app */ = {isa = PBXFileReference; explicitFileType = wrapper.application; includeInIndex = 0; path = "Window Shopper.app"; sourceTree = BUILT_PRODUCTS_DIR; };
		C729567020C054A200C8A67A /* AppDelegate.swift */ = {isa = PBXFileReference; lastKnownFileType = sourcecode.swift; path = AppDelegate.swift; sourceTree = "<group>"; };
		C729567220C054A200C8A67A /* MainVC.swift */ = {isa = PBXFileReference; lastKnownFileType = sourcecode.swift; path = MainVC.swift; sourceTree = "<group>"; };
		C729567520C054A200C8A67A /* Base */ = {isa = PBXFileReference; lastKnownFileType = file.storyboard; name = Base; path = Base.lproj/Main.storyboard; sourceTree = "<group>"; };
		C729567720C054A200C8A67A /* Assets.xcassets */ = {isa = PBXFileReference; lastKnownFileType = folder.assetcatalog; path = Assets.xcassets; sourceTree = "<group>"; };
		C729567A20C054A200C8A67A /* Base */ = {isa = PBXFileReference; lastKnownFileType = file.storyboard; name = Base; path = Base.lproj/LaunchScreen.storyboard; sourceTree = "<group>"; };
		C729567C20C054A200C8A67A /* Info.plist */ = {isa = PBXFileReference; lastKnownFileType = text.plist.xml; path = Info.plist; sourceTree = "<group>"; };
		C729568420C0856F00C8A67A /* CurrencyTextField.swift */ = {isa = PBXFileReference; lastKnownFileType = sourcecode.swift; path = CurrencyTextField.swift; sourceTree = "<group>"; };
		C729568A20C0EE0800C8A67A /* Window ShopperTests.xctest */ = {isa = PBXFileReference; explicitFileType = wrapper.cfbundle; includeInIndex = 0; path = "Window ShopperTests.xctest"; sourceTree = BUILT_PRODUCTS_DIR; };
		C729568C20C0EE0800C8A67A /* Window_ShopperTests.swift */ = {isa = PBXFileReference; lastKnownFileType = sourcecode.swift; path = Window_ShopperTests.swift; sourceTree = "<group>"; };
		C729568E20C0EE0800C8A67A /* Info.plist */ = {isa = PBXFileReference; lastKnownFileType = text.plist.xml; path = Info.plist; sourceTree = "<group>"; };
		C729569520C0EE2D00C8A67A /* Wage.swift */ = {isa = PBXFileReference; lastKnownFileType = sourcecode.swift; path = Wage.swift; sourceTree = "<group>"; };
/* End PBXFileReference section */

/* Begin PBXFrameworksBuildPhase section */
		C729566A20C054A200C8A67A /* Frameworks */ = {
			isa = PBXFrameworksBuildPhase;
			buildActionMask = 2147483647;
			files = (
			);
			runOnlyForDeploymentPostprocessing = 0;
		};
		C729568720C0EE0800C8A67A /* Frameworks */ = {
			isa = PBXFrameworksBuildPhase;
			buildActionMask = 2147483647;
			files = (
			);
			runOnlyForDeploymentPostprocessing = 0;
		};
/* End PBXFrameworksBuildPhase section */

/* Begin PBXGroup section */
		C729566420C054A200C8A67A = {
			isa = PBXGroup;
			children = (
				C729566F20C054A200C8A67A /* Window Shopper */,
				C729568B20C0EE0800C8A67A /* Window ShopperTests */,
				C729566E20C054A200C8A67A /* Products */,
			);
			sourceTree = "<group>";
		};
		C729566E20C054A200C8A67A /* Products */ = {
			isa = PBXGroup;
			children = (
				C729566D20C054A200C8A67A /* Window Shopper.app */,
				C729568A20C0EE0800C8A67A /* Window ShopperTests.xctest */,
			);
			name = Products;
			sourceTree = "<group>";
		};
		C729566F20C054A200C8A67A /* Window Shopper */ = {
			isa = PBXGroup;
			children = (
				C729569420C0EE1800C8A67A /* Model */,
				C729568320C0851F00C8A67A /* Views */,
				C729568220C0844100C8A67A /* Controller */,
				C729567020C054A200C8A67A /* AppDelegate.swift */,
				C729567420C054A200C8A67A /* Main.storyboard */,
				C729567720C054A200C8A67A /* Assets.xcassets */,
				C729567920C054A200C8A67A /* LaunchScreen.storyboard */,
				C729567C20C054A200C8A67A /* Info.plist */,
			);
			path = "Window Shopper";
			sourceTree = "<group>";
		};
		C729568220C0844100C8A67A /* Controller */ = {
			isa = PBXGroup;
			children = (
				C729567220C054A200C8A67A /* MainVC.swift */,
			);
			path = Controller;
			sourceTree = "<group>";
		};
		C729568320C0851F00C8A67A /* Views */ = {
			isa = PBXGroup;
			children = (
				C729568420C0856F00C8A67A /* CurrencyTextField.swift */,
			);
			path = Views;
			sourceTree = "<group>";
		};
		C729568B20C0EE0800C8A67A /* Window ShopperTests */ = {
			isa = PBXGroup;
			children = (
				C729568C20C0EE0800C8A67A /* Window_ShopperTests.swift */,
				C729568E20C0EE0800C8A67A /* Info.plist */,
			);
			path = "Window ShopperTests";
			sourceTree = "<group>";
		};
		C729569420C0EE1800C8A67A /* Model */ = {
			isa = PBXGroup;
			children = (
				C729569520C0EE2D00C8A67A /* Wage.swift */,
			);
			path = Model;
			sourceTree = "<group>";
		};
/* End PBXGroup section */

/* Begin PBXNativeTarget section */
		C729566C20C054A200C8A67A /* Window Shopper */ = {
			isa = PBXNativeTarget;
			buildConfigurationList = C729567F20C054A200C8A67A /* Build configuration list for PBXNativeTarget "Window Shopper" */;
			buildPhases = (
				C729566920C054A200C8A67A /* Sources */,
				C729566A20C054A200C8A67A /* Frameworks */,
				C729566B20C054A200C8A67A /* Resources */,
			);
			buildRules = (
			);
			dependencies = (
			);
			name = "Window Shopper";
			productName = "Window Shopper";
			productReference = C729566D20C054A200C8A67A /* Window Shopper.app */;
			productType = "com.apple.product-type.application";
		};
		C729568920C0EE0800C8A67A /* Window ShopperTests */ = {
			isa = PBXNativeTarget;
			buildConfigurationList = C729569120C0EE0800C8A67A /* Build configuration list for PBXNativeTarget "Window ShopperTests" */;
			buildPhases = (
				C729568620C0EE0800C8A67A /* Sources */,
				C729568720C0EE0800C8A67A /* Frameworks */,
				C729568820C0EE0800C8A67A /* Resources */,
			);
			buildRules = (
			);
			dependencies = (
				C729569020C0EE0800C8A67A /* PBXTargetDependency */,
			);
			name = "Window ShopperTests";
			productName = "Window ShopperTests";
			productReference = C729568A20C0EE0800C8A67A /* Window ShopperTests.xctest */;
			productType = "com.apple.product-type.bundle.unit-test";
		};
/* End PBXNativeTarget section */

/* Begin PBXProject section */
		C729566520C054A200C8A67A /* Project object */ = {
			isa = PBXProject;
			attributes = {
				LastSwiftUpdateCheck = 0920;
				LastUpgradeCheck = 0920;
				ORGANIZATIONNAME = h2m;
				TargetAttributes = {
					C729566C20C054A200C8A67A = {
						CreatedOnToolsVersion = 9.2;
						ProvisioningStyle = Automatic;
					};
					C729568920C0EE0800C8A67A = {
						CreatedOnToolsVersion = 9.2;
						ProvisioningStyle = Automatic;
						TestTargetID = C729566C20C054A200C8A67A;
					};
				};
			};
			buildConfigurationList = C729566820C054A200C8A67A /* Build configuration list for PBXProject "Window Shopper" */;
			compatibilityVersion = "Xcode 8.0";
			developmentRegion = en;
			hasScannedForEncodings = 0;
			knownRegions = (
				en,
				Base,
			);
			mainGroup = C729566420C054A200C8A67A;
			productRefGroup = C729566E20C054A200C8A67A /* Products */;
			projectDirPath = "";
			projectRoot = "";
			targets = (
				C729566C20C054A200C8A67A /* Window Shopper */,
				C729568920C0EE0800C8A67A /* Window ShopperTests */,
			);
		};
/* End PBXProject section */

/* Begin PBXResourcesBuildPhase section */
		C729566B20C054A200C8A67A /* Resources */ = {
			isa = PBXResourcesBuildPhase;
			buildActionMask = 2147483647;
			files = (
				C729567B20C054A200C8A67A /* LaunchScreen.storyboard in Resources */,
				C729567820C054A200C8A67A /* Assets.xcassets in Resources */,
				C729567620C054A200C8A67A /* Main.storyboard in Resources */,
			);
			runOnlyForDeploymentPostprocessing = 0;
		};
		C729568820C0EE0800C8A67A /* Resources */ = {
			isa = PBXResourcesBuildPhase;
			buildActionMask = 2147483647;
			files = (
			);
			runOnlyForDeploymentPostprocessing = 0;
		};
/* End PBXResourcesBuildPhase section */

/* Begin PBXSourcesBuildPhase section */
		C729566920C054A200C8A67A /* Sources */ = {
			isa = PBXSourcesBuildPhase;
			buildActionMask = 2147483647;
			files = (
				C729568520C0856F00C8A67A /* CurrencyTextField.swift in Sources */,
				C729569620C0EE2D00C8A67A /* Wage.swift in Sources */,
				C729567320C054A200C8A67A /* MainVC.swift in Sources */,
				C729567120C054A200C8A67A /* AppDelegate.swift in Sources */,
			);
			runOnlyForDeploymentPostprocessing = 0;
		};
		C729568620C0EE0800C8A67A /* Sources */ = {
			isa = PBXSourcesBuildPhase;
			buildActionMask = 2147483647;
			files = (
				C729568D20C0EE0800C8A67A /* Window_ShopperTests.swift in Sources */,
				C729569720C0EF6D00C8A67A /* Wage.swift in Sources */,
			);
			runOnlyForDeploymentPostprocessing = 0;
		};
/* End PBXSourcesBuildPhase section */

/* Begin PBXTargetDependency section */
		C729569020C0EE0800C8A67A /* PBXTargetDependency */ = {
			isa = PBXTargetDependency;
			target = C729566C20C054A200C8A67A /* Window Shopper */;
			targetProxy = C729568F20C0EE0800C8A67A /* PBXContainerItemProxy */;
		};
/* End PBXTargetDependency section */

/* Begin PBXVariantGroup section */
		C729567420C054A200C8A67A /* Main.storyboard */ = {
			isa = PBXVariantGroup;
			children = (
				C729567520C054A200C8A67A /* Base */,
			);
			name = Main.storyboard;
			sourceTree = "<group>";
		};
		C729567920C054A200C8A67A /* LaunchScreen.storyboard */ = {
			isa = PBXVariantGroup;
			children = (
				C729567A20C054A200C8A67A /* Base */,
			);
			name = LaunchScreen.storyboard;
			sourceTree = "<group>";
		};
/* End PBXVariantGroup section */

/* Begin XCBuildConfiguration section */
		C729567D20C054A200C8A67A /* Debug */ = {
			isa = XCBuildConfiguration;
			buildSettings = {
				ALWAYS_SEARCH_USER_PATHS = NO;
				CLANG_ANALYZER_NONNULL = YES;
				CLANG_ANALYZER_NUMBER_OBJECT_CONVERSION = YES_AGGRESSIVE;
				CLANG_CXX_LANGUAGE_STANDARD = "gnu++14";
				CLANG_CXX_LIBRARY = "libc++";
				CLANG_ENABLE_MODULES = YES;
				CLANG_ENABLE_OBJC_ARC = YES;
				CLANG_WARN_BLOCK_CAPTURE_AUTORELEASING = YES;
				CLANG_WARN_BOOL_CONVERSION = YES;
				CLANG_WARN_COMMA = YES;
				CLANG_WARN_CONSTANT_CONVERSION = YES;
				CLANG_WARN_DIRECT_OBJC_ISA_USAGE = YES_ERROR;
				CLANG_WARN_DOCUMENTATION_COMMENTS = YES;
				CLANG_WARN_EMPTY_BODY = YES;
				CLANG_WARN_ENUM_CONVERSION = YES;
				CLANG_WARN_INFINITE_RECURSION = YES;
				CLANG_WARN_INT_CONVERSION = YES;
				CLANG_WARN_NON_LITERAL_NULL_CONVERSION = YES;
				CLANG_WARN_OBJC_LITERAL_CONVERSION = YES;
				CLANG_WARN_OBJC_ROOT_CLASS = YES_ERROR;
				CLANG_WARN_RANGE_LOOP_ANALYSIS = YES;
				CLANG_WARN_STRICT_PROTOTYPES = YES;
				CLANG_WARN_SUSPICIOUS_MOVE = YES;
				CLANG_WARN_UNGUARDED_AVAILABILITY = YES_AGGRESSIVE;
				CLANG_WARN_UNREACHABLE_CODE = YES;
				CLANG_WARN__DUPLICATE_METHOD_MATCH = YES;
				CODE_SIGN_IDENTITY = "iPhone Developer";
				COPY_PHASE_STRIP = NO;
				DEBUG_INFORMATION_FORMAT = dwarf;
				ENABLE_STRICT_OBJC_MSGSEND = YES;
				ENABLE_TESTABILITY = YES;
				GCC_C_LANGUAGE_STANDARD = gnu11;
				GCC_DYNAMIC_NO_PIC = NO;
				GCC_NO_COMMON_BLOCKS = YES;
				GCC_OPTIMIZATION_LEVEL = 0;
				GCC_PREPROCESSOR_DEFINITIONS = (
					"DEBUG=1",
					"$(inherited)",
				);
				GCC_WARN_64_TO_32_BIT_CONVERSION = YES;
				GCC_WARN_ABOUT_RETURN_TYPE = YES_ERROR;
				GCC_WARN_UNDECLARED_SELECTOR = YES;
				GCC_WARN_UNINITIALIZED_AUTOS = YES_AGGRESSIVE;
				GCC_WARN_UNUSED_FUNCTION = YES;
				GCC_WARN_UNUSED_VARIABLE = YES;
				IPHONEOS_DEPLOYMENT_TARGET = 11.2;
				MTL_ENABLE_DEBUG_INFO = YES;
				ONLY_ACTIVE_ARCH = YES;
				SDKROOT = iphoneos;
				SWIFT_ACTIVE_COMPILATION_CONDITIONS = DEBUG;
				SWIFT_OPTIMIZATION_LEVEL = "-Onone";
			};
			name = Debug;
		};
		C729567E20C054A200C8A67A /* Release */ = {
			isa = XCBuildConfiguration;
			buildSettings = {
				ALWAYS_SEARCH_USER_PATHS = NO;
				CLANG_ANALYZER_NONNULL = YES;
				CLANG_ANALYZER_NUMBER_OBJECT_CONVERSION = YES_AGGRESSIVE;
				CLANG_CXX_LANGUAGE_STANDARD = "gnu++14";
				CLANG_CXX_LIBRARY = "libc++";
				CLANG_ENABLE_MODULES = YES;
				CLANG_ENABLE_OBJC_ARC = YES;
				CLANG_WARN_BLOCK_CAPTURE_AUTORELEASING = YES;
				CLANG_WARN_BOOL_CONVERSION = YES;
				CLANG_WARN_COMMA = YES;
				CLANG_WARN_CONSTANT_CONVERSION = YES;
				CLANG_WARN_DIRECT_OBJC_ISA_USAGE = YES_ERROR;
				CLANG_WARN_DOCUMENTATION_COMMENTS = YES;
				CLANG_WARN_EMPTY_BODY = YES;
				CLANG_WARN_ENUM_CONVERSION = YES;
				CLANG_WARN_INFINITE_RECURSION = YES;
				CLANG_WARN_INT_CONVERSION = YES;
				CLANG_WARN_NON_LITERAL_NULL_CONVERSION = YES;
				CLANG_WARN_OBJC_LITERAL_CONVERSION = YES;
				CLANG_WARN_OBJC_ROOT_CLASS = YES_ERROR;
				CLANG_WARN_RANGE_LOOP_ANALYSIS = YES;
				CLANG_WARN_STRICT_PROTOTYPES = YES;
				CLANG_WARN_SUSPICIOUS_MOVE = YES;
				CLANG_WARN_UNGUARDED_AVAILABILITY = YES_AGGRESSIVE;
				CLANG_WARN_UNREACHABLE_CODE = YES;
				CLANG_WARN__DUPLICATE_METHOD_MATCH = YES;
				CODE_SIGN_IDENTITY = "iPhone Developer";
				COPY_PHASE_STRIP = NO;
				DEBUG_INFORMATION_FORMAT = "dwarf-with-dsym";
				ENABLE_NS_ASSERTIONS = NO;
				ENABLE_STRICT_OBJC_MSGSEND = YES;
				GCC_C_LANGUAGE_STANDARD = gnu11;
				GCC_NO_COMMON_BLOCKS = YES;
				GCC_WARN_64_TO_32_BIT_CONVERSION = YES;
				GCC_WARN_ABOUT_RETURN_TYPE = YES_ERROR;
				GCC_WARN_UNDECLARED_SELECTOR = YES;
				GCC_WARN_UNINITIALIZED_AUTOS = YES_AGGRESSIVE;
				GCC_WARN_UNUSED_FUNCTION = YES;
				GCC_WARN_UNUSED_VARIABLE = YES;
				IPHONEOS_DEPLOYMENT_TARGET = 11.2;
				MTL_ENABLE_DEBUG_INFO = NO;
				SDKROOT = iphoneos;
				SWIFT_OPTIMIZATION_LEVEL = "-Owholemodule";
				VALIDATE_PRODUCT = YES;
			};
			name = Release;
		};
		C729568020C054A200C8A67A /* Debug */ = {
			isa = XCBuildConfiguration;
			buildSettings = {
				ASSETCATALOG_COMPILER_APPICON_NAME = AppIcon;
				CODE_SIGN_STYLE = Automatic;
				DEVELOPMENT_TEAM = NB2JX4B96G;
				INFOPLIST_FILE = "Window Shopper/Info.plist";
				LD_RUNPATH_SEARCH_PATHS = "$(inherited) @executable_path/Frameworks";
				PRODUCT_BUNDLE_IDENTIFIER = "com.h2m.Window-Shopper";
				PRODUCT_NAME = "$(TARGET_NAME)";
				SWIFT_VERSION = 4.0;
				TARGETED_DEVICE_FAMILY = "1,2";
			};
			name = Debug;
		};
		C729568120C054A200C8A67A /* Release */ = {
			isa = XCBuildConfiguration;
			buildSettings = {
				ASSETCATALOG_COMPILER_APPICON_NAME = AppIcon;
				CODE_SIGN_STYLE = Automatic;
				DEVELOPMENT_TEAM = NB2JX4B96G;
				INFOPLIST_FILE = "Window Shopper/Info.plist";
				LD_RUNPATH_SEARCH_PATHS = "$(inherited) @executable_path/Frameworks";
				PRODUCT_BUNDLE_IDENTIFIER = "com.h2m.Window-Shopper";
				PRODUCT_NAME = "$(TARGET_NAME)";
				SWIFT_VERSION = 4.0;
				TARGETED_DEVICE_FAMILY = "1,2";
			};
			name = Release;
		};
		C729569220C0EE0800C8A67A /* Debug */ = {
			isa = XCBuildConfiguration;
			buildSettings = {
				BUNDLE_LOADER = "$(TEST_HOST)";
				CODE_SIGN_STYLE = Automatic;
				DEVELOPMENT_TEAM = NB2JX4B96G;
				INFOPLIST_FILE = "Window ShopperTests/Info.plist";
				LD_RUNPATH_SEARCH_PATHS = "$(inherited) @executable_path/Frameworks @loader_path/Frameworks";
				PRODUCT_BUNDLE_IDENTIFIER = "com.h2m.Window-ShopperTests";
				PRODUCT_NAME = "$(TARGET_NAME)";
				SWIFT_VERSION = 4.0;
				TARGETED_DEVICE_FAMILY = "1,2";
				TEST_HOST = "$(BUILT_PRODUCTS_DIR)/Window Shopper.app/Window Shopper";
			};
			name = Debug;
		};
		C729569320C0EE0800C8A67A /* Release */ = {
			isa = XCBuildConfiguration;
			buildSettings = {
				BUNDLE_LOADER = "$(TEST_HOST)";
				CODE_SIGN_STYLE = Automatic;
				DEVELOPMENT_TEAM = NB2JX4B96G;
				INFOPLIST_FILE = "Window ShopperTests/Info.plist";
				LD_RUNPATH_SEARCH_PATHS = "$(inherited) @executable_path/Frameworks @loader_path/Frameworks";
				PRODUCT_BUNDLE_IDENTIFIER = "com.h2m.Window-ShopperTests";
				PRODUCT_NAME = "$(TARGET_NAME)";
				SWIFT_VERSION = 4.0;
				TARGETED_DEVICE_FAMILY = "1,2";
				TEST_HOST = "$(BUILT_PRODUCTS_DIR)/Window Shopper.app/Window Shopper";
			};
			name = Release;
		};
/* End XCBuildConfiguration section */

/* Begin XCConfigurationList section */
		C729566820C054A200C8A67A /* Build configuration list for PBXProject "Window Shopper" */ = {
			isa = XCConfigurationList;
			buildConfigurations = (
				C729567D20C054A200C8A67A /* Debug */,
				C729567E20C054A200C8A67A /* Release */,
			);
			defaultConfigurationIsVisible = 0;
			defaultConfigurationName = Release;
		};
		C729567F20C054A200C8A67A /* Build configuration list for PBXNativeTarget "Window Shopper" */ = {
			isa = XCConfigurationList;
			buildConfigurations = (
				C729568020C054A200C8A67A /* Debug */,
				C729568120C054A200C8A67A /* Release */,
			);
			defaultConfigurationIsVisible = 0;
			defaultConfigurationName = Release;
		};
		C729569120C0EE0800C8A67A /* Build configuration list for PBXNativeTarget "Window ShopperTests" */ = {
			isa = XCConfigurationList;
			buildConfigurations = (
				C729569220C0EE0800C8A67A /* Debug */,
				C729569320C0EE0800C8A67A /* Release */,
			);
			defaultConfigurationIsVisible = 0;
			defaultConfigurationName = Release;
		};
/* End XCConfigurationList section */
	};
	rootObject = C729566520C054A200C8A67A /* Project object */;
}
